Microsoft Visual Studio Solution File, Format Version 12.00
# Visual Studio Version 17
VisualStudioVersion = 17.5.2.0
MinimumVisualStudioVersion = 10.0.40219.1
Project("{FAE04EC0-301F-11D3-BF4B-00C04F79EFBC}") = "SecurityCheck", "SecurityCheck.csproj", "{2F72F7DF-36EA-EC0A-6B6B-C233077E4346}"
EndProject
Global
	GlobalSection(SolutionConfigurationPlatforms) = preSolution
		Debug|Any CPU = Debug|Any CPU
		Release|Any CPU = Release|Any CPU
	EndGlobalSection
	GlobalSection(ProjectConfigurationPlatforms) = postSolution
		{2F72F7DF-36EA-EC0A-6B6B-C233077E4346}.Debug|Any CPU.ActiveCfg = Debug|Any CPU
		{2F72F7DF-36EA-EC0A-6B6B-C233077E4346}.Debug|Any CPU.Build.0 = Debug|Any CPU
		{2F72F7DF-36EA-EC0A-6B6B-C233077E4346}.Release|Any CPU.ActiveCfg = Release|Any CPU
		{2F72F7DF-36EA-EC0A-6B6B-C233077E4346}.Release|Any CPU.Build.0 = Release|Any CPU
	EndGlobalSection
	GlobalSection(SolutionProperties) = preSolution
		HideSolutionNode = FALSE
	EndGlobalSection
	GlobalSection(ExtensibilityGlobals) = postSolution
		SolutionGuid = {BE9B6658-A2C1-4B93-AB2D-82371AA94E4E}
	EndGlobalSection
EndGlobal
